PODS:
  - AFNetworking (2.2.3):
    - AFNetworking/NSURLConnection
    - AFNetworking/NSURLSession
    - AFNetworking/Reachability
    - AFNetworking/Security
    - AFNetworking/Serialization
    - AFNetworking/UIKit
  - AFNetworking/NSURLConnection (2.2.3):
    - AFNetworking/Reachability
    - AFNetworking/Security
    - AFNetworking/Serialization
  - AFNetworking/NSURLSession (2.2.3):
    - AFNetworking/NSURLConnection
  - AFNetworking/Reachability (2.2.3)
  - AFNetworking/Security (2.2.3)
  - AFNetworking/Serialization (2.2.3)
  - AFNetworking/UIKit (2.2.3):
    - AFNetworking/NSURLConnection
    - AFNetworking/NSURLSession
  - fmemopen (0.0.1)
  - HPGrowingTextView (1.1)
  - LTUpdate (0.0.2)
  - MBProgressHUD (0.8)
  - MTStatusBarOverlay (0.9.1)
  - Nimbus (1.2.0):
    - Nimbus/AttributedLabel
    - Nimbus/Badge
    - Nimbus/Collections
    - Nimbus/Collections
    - Nimbus/Core
    - Nimbus/CSS
    - Nimbus/Interapp
    - Nimbus/Launcher
    - Nimbus/Models
    - Nimbus/NetworkControllers
    - Nimbus/NetworkImage
    - Nimbus/Overview
    - Nimbus/PagingScrollView
    - Nimbus/Photos
    - Nimbus/Textfield
    - Nimbus/WebController
  - Nimbus/AttributedLabel (1.2.0):
    - Nimbus/Core
  - Nimbus/Badge (1.2.0):
    - Nimbus/Core
  - Nimbus/Collections (1.2.0):
    - Nimbus/Core
  - Nimbus/Core (1.2.0)
  - Nimbus/CSS (1.2.0):
    - AFNetworking (~> 2.1)
    - Nimbus/Core
    - Nimbus/Textfield
  - Nimbus/Interapp (1.2.0):
    - Nimbus/Core
  - Nimbus/Launcher (1.2.0):
    - Nimbus/Core
    - Nimbus/PagingScrollView
  - Nimbus/Models (1.2.0):
    - Nimbus/Core
  - Nimbus/NetworkControllers (1.2.0):
    - Nimbus/Core
  - Nimbus/NetworkImage (1.2.0):
    - AFNetworking (~> 2.1)
    - Nimbus/Core
  - Nimbus/Overview (1.2.0):
    - Nimbus/Core
    - Nimbus/Models
  - Nimbus/PagingScrollView (1.2.0):
    - Nimbus/Core
  - Nimbus/Photos (1.2.0):
    - Nimbus/Core
    - Nimbus/PagingScrollView
  - Nimbus/Textfield (1.2.0):
    - Nimbus/Core
  - Nimbus/WebController (1.2.0):
    - Nimbus/Core
  - NSAttributedStringMarkdownParser (0.0.1):
    - fmemopen
  - NSStringEmojize (0.2.0)
  - RTagCloudView (1.0.0)
  - SDSegmentedControl (1.0.2)
  - SSKeychain (1.2.2)

DEPENDENCIES:
  - AFNetworking (~> 2.2.3)
  - HPGrowingTextView
  - LTUpdate (~> 0.0.2)
  - MBProgressHUD
  - MTStatusBarOverlay
  - Nimbus (~> 1.2.0)
  - NSAttributedStringMarkdownParser (~> 0.0.1)
  - NSStringEmojize
  - RTagCloudView
  - SDSegmentedControl
  - SSKeychain

SPEC CHECKSUMS:
  AFNetworking: ae513199cca79e9d7af2708ccabe2ed075550c42
  fmemopen: 0c47f38f28a59216152d51fa80672c1549f80ea0
  HPGrowingTextView: 4318f557b33c19def1c53ec275d6e2a2d6589cd0
  LTUpdate: ee58a30f73e6dcbc47ce1e5c617b024212a2dd98
  MBProgressHUD: 2bbc6f470111daf7f3eaa4eb12b8cbf01c4c0622
  MTStatusBarOverlay: 2cee705996e4e307191d423bf49e583b9b2c14ac
  Nimbus: bbde56c7e845d3c38c1f484018ef1bb3259c0507
  NSAttributedStringMarkdownParser: fb93a47c4be94a80f4bd5e81dd8067cce5f7f5eb
  NSStringEmojize: ea303101d9174142813454c4f3616a1a569c1052
  RTagCloudView: 2c190afd8b633d908aba80b8f741403c004431be
  SDSegmentedControl: 165956a426f1fd7ff1eb486c4931241f12e0867e
  SSKeychain: 3d0b76c87e7b062a7ad1631a825fddec84367d44

COCOAPODS: 0.32.1
