PODS:
  - AFNetworking (1.3.3)
  - HPGrowingTextView (1.0.1)
  - JSONKit (1.5pre)
  - MBProgressHUD (0.8)
  - MTStatusBarOverlay (0.9.1)
  - Nimbus (1.0.0):
    - Nimbus/AttributedLabel
    - Nimbus/Badge
    - Nimbus/Core
    - Nimbus/CSS
    - Nimbus/Interapp
    - Nimbus/Launcher
    - Nimbus/Models
    - Nimbus/NetworkControllers
    - Nimbus/NetworkImage
    - Nimbus/Operations
    - Nimbus/Overview
    - Nimbus/PagingScrollView
    - Nimbus/Photos
    - Nimbus/WebController
  - Nimbus/AttributedLabel (1.0.0):
    - Nimbus/Core
  - Nimbus/Badge (1.0.0):
    - Nimbus/Core
  - Nimbus/Core (1.0.0)
  - Nimbus/CSS (1.0.0):
    - AFNetworking (~> 1.0)
    - Nimbus/Core
  - Nimbus/Interapp (1.0.0):
    - Nimbus/Core
  - Nimbus/Launcher (1.0.0):
    - Nimbus/Core
  - Nimbus/Models (1.0.0):
    - Nimbus/Core
  - Nimbus/NetworkControllers (1.0.0):
    - Nimbus/Core
  - Nimbus/NetworkImage (1.0.0):
    - Nimbus/Core
  - Nimbus/Operations (1.0.0):
    - Nimbus/Core
    - Nimbus/Operations/JSON
  - Nimbus/Operations/JSON (1.0.0):
    - JSONKit
    - Nimbus/Core
  - Nimbus/Overview (1.0.0):
    - Nimbus/Core
  - Nimbus/PagingScrollView (1.0.0):
    - Nimbus/Core
  - Nimbus/Photos (1.0.0):
    - Nimbus/Core
    - Nimbus/PagingScrollView
  - Nimbus/WebController (1.0.0):
    - Nimbus/Core
  - NSStringEmojize (0.2.0)
  - PPRevealSideViewController (1.0.1)
  - SDSegmentedControl (1.0.2)
  - SSKeychain (1.2.1)

DEPENDENCIES:
  - AFNetworking (~> 1.3.3)
  - HPGrowingTextView
  - JSONKit
  - MBProgressHUD
  - MTStatusBarOverlay
  - Nimbus (~> 1.0.0)
  - NSStringEmojize
  - PPRevealSideViewController
  - SDSegmentedControl
  - SSKeychain

SPEC CHECKSUMS:
  AFNetworking: 61fdd49e2ffe6380378df37b3b6e70630bb9dd66
  HPGrowingTextView: fd77b93b9096dd1493a312c8856810b652b04dcc
  JSONKit: 409734ab3407fce90ef7eaa95d7168f38d9a6601
  MBProgressHUD: 2bbc6f470111daf7f3eaa4eb12b8cbf01c4c0622
  MTStatusBarOverlay: 2cee705996e4e307191d423bf49e583b9b2c14ac
  Nimbus: 5396b75b180a4bf6fe813553d533121d42bdd9d9
  NSStringEmojize: ea303101d9174142813454c4f3616a1a569c1052
  PPRevealSideViewController: b687e80c29a301b8f5a5b573c022c7da0b6af11e
  SDSegmentedControl: 165956a426f1fd7ff1eb486c4931241f12e0867e
  SSKeychain: d18926838c2e7cd342e2a49e9f869858e49f035a

COCOAPODS: 0.27.1
