PODS:
  - AFNetworking (1.3.3)
  - fmemopen (0.0.1)
  - HPGrowingTextView (1.1)
  - JSONKit (1.5pre)
  - LTUpdate (0.0.2)
  - MBProgressHUD (0.8)
  - MTStatusBarOverlay (0.9.1)
  - Nimbus (1.0.0):
    - Nimbus/AttributedLabel
    - Nimbus/Badge
    - Nimbus/Collections
    - Nimbus/Core
    - Nimbus/CSS
    - Nimbus/Interapp
    - Nimbus/Launcher
    - Nimbus/Models
    - Nimbus/NetworkControllers
    - Nimbus/NetworkImage
    - Nimbus/Operations
    - Nimbus/Overview
    - Nimbus/PagingScrollView
    - Nimbus/Photos
    - Nimbus/WebController
  - Nimbus/AttributedLabel (1.0.0):
    - Nimbus/Core
  - Nimbus/Badge (1.0.0):
    - Nimbus/Core
  - Nimbus/Collections (1.0.0):
    - Nimbus/Core
  - Nimbus/Core (1.0.0)
  - Nimbus/CSS (1.0.0):
    - AFNetworking (~> 1.0)
    - Nimbus/Core
  - Nimbus/Interapp (1.0.0):
    - Nimbus/Core
  - Nimbus/Launcher (1.0.0):
    - Nimbus/Core
  - Nimbus/Models (1.0.0):
    - Nimbus/Core
  - Nimbus/NetworkControllers (1.0.0):
    - Nimbus/Core
  - Nimbus/NetworkImage (1.0.0):
    - Nimbus/Core
  - Nimbus/Operations (1.0.0):
    - Nimbus/Core
    - Nimbus/Operations/JSON
  - Nimbus/Operations/JSON (1.0.0):
    - JSONKit
    - Nimbus/Core
  - Nimbus/Overview (1.0.0):
    - Nimbus/Core
  - Nimbus/PagingScrollView (1.0.0):
    - Nimbus/Core
  - Nimbus/Photos (1.0.0):
    - Nimbus/Core
    - Nimbus/PagingScrollView
  - Nimbus/WebController (1.0.0):
    - Nimbus/Core
  - NSAttributedStringMarkdownParser (0.0.1):
    - fmemopen
  - NSStringEmojize (0.2.0)
  - RTagCloudView (1.0.0)
  - SDSegmentedControl (1.0.2)
  - SSKeychain (1.2.1)

DEPENDENCIES:
  - AFNetworking (~> 1.3.3)
  - HPGrowingTextView
  - LTUpdate (~> 0.0.2)
  - MBProgressHUD
  - MTStatusBarOverlay
  - Nimbus (~> 1.0.0)
  - NSAttributedStringMarkdownParser (~> 0.0.1)
  - NSStringEmojize
  - RTagCloudView
  - SDSegmentedControl
  - SSKeychain

SPEC CHECKSUMS:
  AFNetworking: 61fdd49e2ffe6380378df37b3b6e70630bb9dd66
  fmemopen: 9985c0b5696288ac034514edc2eeaea6e5ae77ca
  HPGrowingTextView: 4318f557b33c19def1c53ec275d6e2a2d6589cd0
  JSONKit: 409734ab3407fce90ef7eaa95d7168f38d9a6601
  LTUpdate: ee58a30f73e6dcbc47ce1e5c617b024212a2dd98
  MBProgressHUD: 2bbc6f470111daf7f3eaa4eb12b8cbf01c4c0622
  MTStatusBarOverlay: 2cee705996e4e307191d423bf49e583b9b2c14ac
  Nimbus: 01c4339214b2f35be2e9284cb6e98beb7fe0f08a
  NSAttributedStringMarkdownParser: fb93a47c4be94a80f4bd5e81dd8067cce5f7f5eb
  NSStringEmojize: ea303101d9174142813454c4f3616a1a569c1052
  RTagCloudView: 2c190afd8b633d908aba80b8f741403c004431be
  SDSegmentedControl: 165956a426f1fd7ff1eb486c4931241f12e0867e
  SSKeychain: d18926838c2e7cd342e2a49e9f869858e49f035a

COCOAPODS: 0.29.0
